
Microsoft Visual Studio Solution File, Format Version 12.00
# Visual Studio Version 17
VisualStudioVersion = 17.7.34003.232
MinimumVisualStudioVersion = 10.0.40219.1
Project("{FAE04EC0-301F-11D3-BF4B-00C04F79EFBC}") = "DriveBenderUtility", "DriveBenderUtility.csproj", "{D829499D-0133-4C36-8B6B-6AD94BEDE2C2}"
EndProject
Global
	GlobalSection(SolutionConfigurationPlatforms) = preSolution
		Debug|Any CPU = Debug|Any CPU
		Debug|x64 = Debug|x64
		Debug|x86 = Debug|x86
		Release|Any CPU = Release|Any CPU
		Release|x64 = Release|x64
		Release|x86 = Release|x86
	EndGlobalSection
	GlobalSection(ProjectConfigurationPlatforms) = postSolution
		{D829499D-0133-4C36-8B6B-6AD94BEDE2C2}.Debug|Any CPU.ActiveCfg = Debug|Any CPU
		{D829499D-0133-4C36-8B6B-6AD94BEDE2C2}.Debug|Any CPU.Build.0 = Debug|Any CPU
		{D829499D-0133-4C36-8B6B-6AD94BEDE2C2}.Debug|x64.ActiveCfg = Debug|Any CPU
		{D829499D-0133-4C36-8B6B-6AD94BEDE2C2}.Debug|x64.Build.0 = Debug|Any CPU
		{D829499D-0133-4C36-8B6B-6AD94BEDE2C2}.Debug|x86.ActiveCfg = Debug|Any CPU
		{D829499D-0133-4C36-8B6B-6AD94BEDE2C2}.Debug|x86.Build.0 = Debug|Any CPU
		{D829499D-0133-4C36-8B6B-6AD94BEDE2C2}.Release|Any CPU.ActiveCfg = Release|Any CPU
		{D829499D-0133-4C36-8B6B-6AD94BEDE2C2}.Release|Any CPU.Build.0 = Release|Any CPU
		{D829499D-0133-4C36-8B6B-6AD94BEDE2C2}.Release|x64.ActiveCfg = Release|Any CPU
		{D829499D-0133-4C36-8B6B-6AD94BEDE2C2}.Release|x64.Build.0 = Release|Any CPU
		{D829499D-0133-4C36-8B6B-6AD94BEDE2C2}.Release|x86.ActiveCfg = Release|Any CPU
		{D829499D-0133-4C36-8B6B-6AD94BEDE2C2}.Release|x86.Build.0 = Release|Any CPU
	EndGlobalSection
	GlobalSection(SolutionProperties) = preSolution
		HideSolutionNode = FALSE
	EndGlobalSection
	GlobalSection(ExtensibilityGlobals) = postSolution
		SolutionGuid = {72BDCD63-A78E-4D88-B754-0870329CB86D}
	EndGlobalSection
EndGlobal
